<?xml version="1.0" encoding="utf-8"?>
<Project ToolsVersion="4.0" xmlns="http://schemas.microsoft.com/developer/msbuild/2003">
  <ItemGroup>
    <Filter Include="File di origine">
      <UniqueIdentifier>{4FC737F1-C7A5-4376-A066-2A32D752A2FF}</UniqueIdentifier>
      <Extensions>cpp;c;cc;cxx;c++;cppm;ixx;def;odl;idl;hpj;bat;asm;asmx</Extensions>
    </Filter>
    <Filter Include="File di intestazione">
      <UniqueIdentifier>{93995380-89BD-4b04-88EB-625FBE52EBFB}</UniqueIdentifier>
      <Extensions>h;hh;hpp;hxx;h++;hm;inl;inc;ipp;xsd</Extensions>
    </Filter>
    <Filter Include="File di risorse">
      <UniqueIdentifier>{67DA6AB6-F800-4c08-8B7A-83BB121AAD01}</UniqueIdentifier>
      <Extensions>rc;ico;cur;bmp;dlg;rc2;rct;bin;rgs;gif;jpg;jpeg;jpe;resx;tiff;tif;png;wav;mfcribbon-ms</Extensions>
    </Filter>
    <Filter Include="File di origine\Resource">
      <UniqueIdentifier>{0f9a2000-3dcd-49bc-a67c-e55de52b8b87}</UniqueIdentifier>
    </Filter>
    <Filter Include="File di intestazione\Resource">
      <UniqueIdentifier>{02e692e2-abce-4f97-b1e2-af6cfbfa0a9f}</UniqueIdentifier>
    </Filter>
    <Filter Include="File di origine\Renderer">
      <UniqueIdentifier>{4dc2f1a2-6a35-4008-970d-9147963bc60d}</UniqueIdentifier>
    </Filter>
    <Filter Include="File di intestazione\Renderer">
      <UniqueIdentifier>{47e3506b-860c-4b33-9bbc-a00b61259d60}</UniqueIdentifier>
    </Filter>
    <Filter Include="File di intestazione\Common">
      <UniqueIdentifier>{0be794ad-07f7-48f7-9cfd-6fdd403a78c6}</UniqueIdentifier>
    </Filter>
    <Filter Include="File di origine\System">
      <UniqueIdentifier>{d1af29e7-e751-492d-940c-8ca078577a0a}</UniqueIdentifier>
    </Filter>
    <Filter Include="File di intestazione\System">
      <UniqueIdentifier>{df2cbb2b-7ced-417e-9c8d-d041c18b0120}</UniqueIdentifier>
    </Filter>
    <Filter Include="File di intestazione\Math">
      <UniqueIdentifier>{942bc506-facc-4975-97f1-51cc0c78c2cd}</UniqueIdentifier>
    </Filter>
  </ItemGroup>
  <ItemGroup>
    <ClInclude Include="src\Common\quakedef.h">
      <Filter>File di intestazione\Common</Filter>
    </ClInclude>
    <ClInclude Include="src\Renderer\Camera.h">
      <Filter>File di intestazione\Renderer</Filter>
    </ClInclude>
    <ClInclude Include="src\Renderer\Frustum.h">
      <Filter>File di intestazione\Renderer</Filter>
    </ClInclude>
    <ClInclude Include="src\Resource\PAK.h">
      <Filter>File di intestazione\Resource</Filter>
    </ClInclude>
    <ClInclude Include="src\Resource\QBSP.h">
      <Filter>File di intestazione\Resource</Filter>
    </ClInclude>
    <ClInclude Include="src\System\Window.h">
      <Filter>File di intestazione\System</Filter>
    </ClInclude>
    <ClInclude Include="src\Renderer\Draw.h">
      <Filter>File di intestazione\Renderer</Filter>
    </ClInclude>
    <ClInclude Include="src\Math\mathlib.h">
      <Filter>File di intestazione\Math</Filter>
    </ClInclude>
  </ItemGroup>
  <ItemGroup>
    <ClCompile Include="src\Renderer\Camera.cpp">
      <Filter>File di origine\Renderer</Filter>
    </ClCompile>
    <ClCompile Include="src\Resource\PAK.cpp">
      <Filter>File di origine\Resource</Filter>
    </ClCompile>
    <ClCompile Include="src\Resource\QBSP.cpp">
      <Filter>File di origine\Resource</Filter>
    </ClCompile>
    <ClCompile Include="src\System\main.cpp">
      <Filter>File di origine\System</Filter>
    </ClCompile>
    <ClCompile Include="src\System\Window.cpp">
      <Filter>File di origine\System</Filter>
    </ClCompile>
    <ClCompile Include="src\Renderer\Draw.cpp">
      <Filter>File di origine\Renderer</Filter>
    </ClCompile>
  </ItemGroup>
</Project>